{
  "name": "puffy-performance-analyst",
  "version": "0.4.0",
  "lockfileVersion": 3,
  "requires": true,
  "packages": {
    "": {
      "name": "puffy-performance-analyst",
      "version": "0.4.0",
      "dependencies": {
        "axe-core": "4.12.1",
        "web-vitals": "5.1.0"
      }
    },
    "node_modules/axe-core": {
      "version": "4.12.1",
      "resolved": "https://registry.npmjs.org/axe-core/-/axe-core-4.12.1.tgz",
      "integrity": "sha512-s7iGf5GaVMxEG0ENN9x+xTr7GFZCb1ZP/1uATUpCEK2X78nDB3RwbtFCo9pGAf9ru+VwoQ464DkaLEeRM08wJA==",
      "license": "MPL-2.0",
      "engines": {
        "node": ">=4"
      }
    },
    "node_modules/web-vitals": {
      "version": "5.1.0",
      "resolved": "https://registry.npmjs.org/web-vitals/-/web-vitals-5.1.0.tgz",
      "integrity": "sha512-ArI3kx5jI0atlTtmV0fWU3fjpLmq/nD3Zr1iFFlJLaqa5wLBkUSzINwBPySCX/8jRyjlmy1Volw1kz1g9XE4Jg==",
      "license": "Apache-2.0"
    }
  }
}
